version: 1

repositories:
  firmware:
    path: firmware
    url: https://github.com/TissyBoxC/sprout-firmware.git
    branch: main
    revision: 3ac6550458756c943df4c7d7c4e45f8ab031f973

  sub2api_fork:
    path: services/sub2api_fork
    url: https://github.com/TissyBoxC/sprout-sub2api-fork.git
    branch: main
    revision: 95d285f4c4afcb3a2436d721fc052243c9c6de69

upstreams:
  sub2api:
    url: https://github.com/Wei-Shaw/sub2api.git
